{
    "name": "@zebec-labs/zebec-protocol",
    "version": "1.1.2",
    "lockfileVersion": 2,
    "requires": true,
    "packages": {
        "": {
            "name": "@zebec-labs/zebec-protocol",
            "version": "1.1.2",
            "hasInstallScript": true,
            "license": "ISC",
            "dependencies": {
                "@zebec-labs/zebec-protocol": "^1.1.2"
            }
        },
        "node_modules/@zebec-labs/zebec-protocol": {
            "version": "1.1.2",
            "resolved": "https://registry.npmjs.org/@zebec-labs/zebec-protocol/-/zebec-protocol-1.1.2.tgz",
            "integrity": "sha512-VwZPUuo9lxohFlduiINJOOJ8uaB9YZA5cd0vIKzH2XMDGBFoqP51ARyKuousYoMrpEaf+zkChH8aNjuE9CaFRQ==",
            "hasInstallScript": true
        }
    },
    "dependencies": {
        "@zebec-labs/zebec-protocol": {
            "version": "1.1.2",
            "resolved": "https://registry.npmjs.org/@zebec-labs/zebec-protocol/-/zebec-protocol-1.1.2.tgz",
            "integrity": "sha512-VwZPUuo9lxohFlduiINJOOJ8uaB9YZA5cd0vIKzH2XMDGBFoqP51ARyKuousYoMrpEaf+zkChH8aNjuE9CaFRQ=="
        }
    }
}
